
Microsoft Visual Studio Solution File, Format Version 12.00
# Visual Studio 2012
Project("{FAE04EC0-301F-11D3-BF4B-00C04F79EFBC}") = "ESBClient", "ESBClient\ESBClient.csproj", "{C199742B-9241-45FE-982F-5BAA36469812}"
EndProject
Project("{FAE04EC0-301F-11D3-BF4B-00C04F79EFBC}") = "TestESBClient", "..\ESB-Test\TestESBClient\TestESBClient.csproj", "{E38F7B10-BD5D-4B41-BB26-C414BE123E90}"
EndProject
Project("{FAE04EC0-301F-11D3-BF4B-00C04F79EFBC}") = "IP2Country", "..\master\development\Common\IP2Country\IP2Country.csproj", "{63D9AF62-24A1-4E57-8CFA-84B8396F8BA4}"
EndProject
Project("{2150E333-8FDC-42A3-9474-1A3956D46DE8}") = "Common", "Common", "{CDF816D0-169E-45F4-B797-000E1D05B922}"
EndProject
Project("{FAE04EC0-301F-11D3-BF4B-00C04F79EFBC}") = "Paragonex.AppEntities", "..\master\development\Common\Paragonex.AppEntities\Paragonex.AppEntities.csproj", "{C9F83827-6C01-4B95-A40B-A13B07D1B07D}"
EndProject
Project("{FAE04EC0-301F-11D3-BF4B-00C04F79EFBC}") = "Paragonex.Common.Helpers", "..\master\development\Common\Paragonex.Common.Helpers\Paragonex.Common.Helpers.csproj", "{3F1AA91C-0902-4054-A754-46F980B90E31}"
EndProject
Project("{FAE04EC0-301F-11D3-BF4B-00C04F79EFBC}") = "Paragonex.Common.Logging", "..\master\development\Common\Paragonex.Common.Logging\Paragonex.Common.Logging.csproj", "{75181FF5-CC83-4A80-85CA-F72ECE18DD27}"
EndProject
Project("{FAE04EC0-301F-11D3-BF4B-00C04F79EFBC}") = "Paragonex.DAL", "..\master\development\Common\Paragonex.DAL\Paragonex.DAL.csproj", "{DAC7AED6-4F0B-4118-AAA0-5C92F5E38F52}"
EndProject
Project("{FAE04EC0-301F-11D3-BF4B-00C04F79EFBC}") = "Paragonex.TradingServerComm", "..\master\development\Common\Paragonex.TradingServerComm\Paragonex.TradingServerComm.csproj", "{2533E83C-F08B-458A-9A84-6C085CA47122}"
EndProject
Project("{FAE04EC0-301F-11D3-BF4B-00C04F79EFBC}") = "Paragonex.WhosOnline", "..\master\development\Common\Paragonex.WhosOnline\Paragonex.WhosOnline.csproj", "{54D3001E-4566-4368-A16B-42E535496CBC}"
EndProject
Project("{2150E333-8FDC-42A3-9474-1A3956D46DE8}") = ".nuget", ".nuget", "{229DAC89-6E87-4734-AF9B-5F7132E8476B}"
	ProjectSection(SolutionItems) = preProject
		.nuget\NuGet.Config = .nuget\NuGet.Config
		.nuget\NuGet.exe = .nuget\NuGet.exe
		.nuget\NuGet.targets = .nuget\NuGet.targets
	EndProjectSection
EndProject
Project("{FAE04EC0-301F-11D3-BF4B-00C04F79EFBC}") = "Products.DayTrading", "..\master\development\FrontOffice\Products.DayTrading\C#\Products.DayTrading.csproj", "{C9CB9846-4578-40FF-BA4A-D77A0A328FDA}"
EndProject
Project("{FAE04EC0-301F-11D3-BF4B-00C04F79EFBC}") = "Paragonex.Common.UserValidationServices", "..\master\development\Common\Paragonex.Common.UserValidationServices\Paragonex.Common.UserValidationServices.csproj", "{FEBACAF6-2820-45DE-B78C-93BE2EF1F936}"
EndProject
Project("{FAE04EC0-301F-11D3-BF4B-00C04F79EFBC}") = "Paragonex.WebLib", "..\master\development\Common\Paragonex.WebLib\Paragonex.WebLib.csproj", "{AD2D5923-DEF6-4624-BD90-9C1BC0337AFE}"
EndProject
Global
	GlobalSection(SolutionConfigurationPlatforms) = preSolution
		Debug|Any CPU = Debug|Any CPU
		Debug|x86 = Debug|x86
		Release|Any CPU = Release|Any CPU
		Release|x86 = Release|x86
	EndGlobalSection
	GlobalSection(ProjectConfigurationPlatforms) = postSolution
		{C199742B-9241-45FE-982F-5BAA36469812}.Debug|Any CPU.ActiveCfg = Debug|Any CPU
		{C199742B-9241-45FE-982F-5BAA36469812}.Debug|Any CPU.Build.0 = Debug|Any CPU
		{C199742B-9241-45FE-982F-5BAA36469812}.Debug|x86.ActiveCfg = Debug|Any CPU
		{C199742B-9241-45FE-982F-5BAA36469812}.Release|Any CPU.ActiveCfg = Release|Any CPU
		{C199742B-9241-45FE-982F-5BAA36469812}.Release|Any CPU.Build.0 = Release|Any CPU
		{C199742B-9241-45FE-982F-5BAA36469812}.Release|x86.ActiveCfg = Release|Any CPU
		{E38F7B10-BD5D-4B41-BB26-C414BE123E90}.Debug|Any CPU.ActiveCfg = Debug|Any CPU
		{E38F7B10-BD5D-4B41-BB26-C414BE123E90}.Debug|Any CPU.Build.0 = Debug|Any CPU
		{E38F7B10-BD5D-4B41-BB26-C414BE123E90}.Debug|x86.ActiveCfg = Debug|Any CPU
		{E38F7B10-BD5D-4B41-BB26-C414BE123E90}.Release|Any CPU.ActiveCfg = Release|Any CPU
		{E38F7B10-BD5D-4B41-BB26-C414BE123E90}.Release|Any CPU.Build.0 = Release|Any CPU
		{E38F7B10-BD5D-4B41-BB26-C414BE123E90}.Release|x86.ActiveCfg = Release|Any CPU
		{63D9AF62-24A1-4E57-8CFA-84B8396F8BA4}.Debug|Any CPU.ActiveCfg = Debug|Any CPU
		{63D9AF62-24A1-4E57-8CFA-84B8396F8BA4}.Debug|Any CPU.Build.0 = Debug|Any CPU
		{63D9AF62-24A1-4E57-8CFA-84B8396F8BA4}.Debug|x86.ActiveCfg = Debug|Any CPU
		{63D9AF62-24A1-4E57-8CFA-84B8396F8BA4}.Release|Any CPU.ActiveCfg = Release|Any CPU
		{63D9AF62-24A1-4E57-8CFA-84B8396F8BA4}.Release|Any CPU.Build.0 = Release|Any CPU
		{63D9AF62-24A1-4E57-8CFA-84B8396F8BA4}.Release|x86.ActiveCfg = Release|Any CPU
		{C9F83827-6C01-4B95-A40B-A13B07D1B07D}.Debug|Any CPU.ActiveCfg = Debug|Any CPU
		{C9F83827-6C01-4B95-A40B-A13B07D1B07D}.Debug|Any CPU.Build.0 = Debug|Any CPU
		{C9F83827-6C01-4B95-A40B-A13B07D1B07D}.Debug|x86.ActiveCfg = Debug|Any CPU
		{C9F83827-6C01-4B95-A40B-A13B07D1B07D}.Release|Any CPU.ActiveCfg = Release|Any CPU
		{C9F83827-6C01-4B95-A40B-A13B07D1B07D}.Release|Any CPU.Build.0 = Release|Any CPU
		{C9F83827-6C01-4B95-A40B-A13B07D1B07D}.Release|x86.ActiveCfg = Release|Any CPU
		{3F1AA91C-0902-4054-A754-46F980B90E31}.Debug|Any CPU.ActiveCfg = Debug|Any CPU
		{3F1AA91C-0902-4054-A754-46F980B90E31}.Debug|Any CPU.Build.0 = Debug|Any CPU
		{3F1AA91C-0902-4054-A754-46F980B90E31}.Debug|x86.ActiveCfg = Debug|Any CPU
		{3F1AA91C-0902-4054-A754-46F980B90E31}.Release|Any CPU.ActiveCfg = Release|Any CPU
		{3F1AA91C-0902-4054-A754-46F980B90E31}.Release|Any CPU.Build.0 = Release|Any CPU
		{3F1AA91C-0902-4054-A754-46F980B90E31}.Release|x86.ActiveCfg = Release|Any CPU
		{75181FF5-CC83-4A80-85CA-F72ECE18DD27}.Debug|Any CPU.ActiveCfg = Debug|Any CPU
		{75181FF5-CC83-4A80-85CA-F72ECE18DD27}.Debug|Any CPU.Build.0 = Debug|Any CPU
		{75181FF5-CC83-4A80-85CA-F72ECE18DD27}.Debug|x86.ActiveCfg = Debug|Any CPU
		{75181FF5-CC83-4A80-85CA-F72ECE18DD27}.Release|Any CPU.ActiveCfg = Release|Any CPU
		{75181FF5-CC83-4A80-85CA-F72ECE18DD27}.Release|Any CPU.Build.0 = Release|Any CPU
		{75181FF5-CC83-4A80-85CA-F72ECE18DD27}.Release|x86.ActiveCfg = Release|Any CPU
		{DAC7AED6-4F0B-4118-AAA0-5C92F5E38F52}.Debug|Any CPU.ActiveCfg = Debug|Any CPU
		{DAC7AED6-4F0B-4118-AAA0-5C92F5E38F52}.Debug|Any CPU.Build.0 = Debug|Any CPU
		{DAC7AED6-4F0B-4118-AAA0-5C92F5E38F52}.Debug|x86.ActiveCfg = Debug|Any CPU
		{DAC7AED6-4F0B-4118-AAA0-5C92F5E38F52}.Release|Any CPU.ActiveCfg = Release|Any CPU
		{DAC7AED6-4F0B-4118-AAA0-5C92F5E38F52}.Release|Any CPU.Build.0 = Release|Any CPU
		{DAC7AED6-4F0B-4118-AAA0-5C92F5E38F52}.Release|x86.ActiveCfg = Release|Any CPU
		{2533E83C-F08B-458A-9A84-6C085CA47122}.Debug|Any CPU.ActiveCfg = Debug|Any CPU
		{2533E83C-F08B-458A-9A84-6C085CA47122}.Debug|Any CPU.Build.0 = Debug|Any CPU
		{2533E83C-F08B-458A-9A84-6C085CA47122}.Debug|x86.ActiveCfg = Debug|Any CPU
		{2533E83C-F08B-458A-9A84-6C085CA47122}.Release|Any CPU.ActiveCfg = Release|Any CPU
		{2533E83C-F08B-458A-9A84-6C085CA47122}.Release|Any CPU.Build.0 = Release|Any CPU
		{2533E83C-F08B-458A-9A84-6C085CA47122}.Release|x86.ActiveCfg = Release|Any CPU
		{54D3001E-4566-4368-A16B-42E535496CBC}.Debug|Any CPU.ActiveCfg = Debug|Any CPU
		{54D3001E-4566-4368-A16B-42E535496CBC}.Debug|Any CPU.Build.0 = Debug|Any CPU
		{54D3001E-4566-4368-A16B-42E535496CBC}.Debug|x86.ActiveCfg = Debug|Any CPU
		{54D3001E-4566-4368-A16B-42E535496CBC}.Release|Any CPU.ActiveCfg = Release|Any CPU
		{54D3001E-4566-4368-A16B-42E535496CBC}.Release|Any CPU.Build.0 = Release|Any CPU
		{54D3001E-4566-4368-A16B-42E535496CBC}.Release|x86.ActiveCfg = Release|Any CPU
		{C9CB9846-4578-40FF-BA4A-D77A0A328FDA}.Debug|Any CPU.ActiveCfg = Debug|Any CPU
		{C9CB9846-4578-40FF-BA4A-D77A0A328FDA}.Debug|Any CPU.Build.0 = Debug|Any CPU
		{C9CB9846-4578-40FF-BA4A-D77A0A328FDA}.Debug|x86.ActiveCfg = Debug|Any CPU
		{C9CB9846-4578-40FF-BA4A-D77A0A328FDA}.Release|Any CPU.ActiveCfg = Release|Any CPU
		{C9CB9846-4578-40FF-BA4A-D77A0A328FDA}.Release|Any CPU.Build.0 = Release|Any CPU
		{C9CB9846-4578-40FF-BA4A-D77A0A328FDA}.Release|x86.ActiveCfg = Release|Any CPU
		{FEBACAF6-2820-45DE-B78C-93BE2EF1F936}.Debug|Any CPU.ActiveCfg = Debug|Any CPU
		{FEBACAF6-2820-45DE-B78C-93BE2EF1F936}.Debug|Any CPU.Build.0 = Debug|Any CPU
		{FEBACAF6-2820-45DE-B78C-93BE2EF1F936}.Debug|x86.ActiveCfg = Debug|x86
		{FEBACAF6-2820-45DE-B78C-93BE2EF1F936}.Debug|x86.Build.0 = Debug|x86
		{FEBACAF6-2820-45DE-B78C-93BE2EF1F936}.Release|Any CPU.ActiveCfg = Release|Any CPU
		{FEBACAF6-2820-45DE-B78C-93BE2EF1F936}.Release|Any CPU.Build.0 = Release|Any CPU
		{FEBACAF6-2820-45DE-B78C-93BE2EF1F936}.Release|x86.ActiveCfg = Release|x86
		{FEBACAF6-2820-45DE-B78C-93BE2EF1F936}.Release|x86.Build.0 = Release|x86
		{AD2D5923-DEF6-4624-BD90-9C1BC0337AFE}.Debug|Any CPU.ActiveCfg = Debug|Any CPU
		{AD2D5923-DEF6-4624-BD90-9C1BC0337AFE}.Debug|Any CPU.Build.0 = Debug|Any CPU
		{AD2D5923-DEF6-4624-BD90-9C1BC0337AFE}.Debug|x86.ActiveCfg = Debug|Any CPU
		{AD2D5923-DEF6-4624-BD90-9C1BC0337AFE}.Release|Any CPU.ActiveCfg = Release|Any CPU
		{AD2D5923-DEF6-4624-BD90-9C1BC0337AFE}.Release|Any CPU.Build.0 = Release|Any CPU
		{AD2D5923-DEF6-4624-BD90-9C1BC0337AFE}.Release|x86.ActiveCfg = Release|Any CPU
	EndGlobalSection
	GlobalSection(SolutionProperties) = preSolution
		HideSolutionNode = FALSE
	EndGlobalSection
	GlobalSection(NestedProjects) = preSolution
		{63D9AF62-24A1-4E57-8CFA-84B8396F8BA4} = {CDF816D0-169E-45F4-B797-000E1D05B922}
		{C9F83827-6C01-4B95-A40B-A13B07D1B07D} = {CDF816D0-169E-45F4-B797-000E1D05B922}
		{3F1AA91C-0902-4054-A754-46F980B90E31} = {CDF816D0-169E-45F4-B797-000E1D05B922}
		{75181FF5-CC83-4A80-85CA-F72ECE18DD27} = {CDF816D0-169E-45F4-B797-000E1D05B922}
		{DAC7AED6-4F0B-4118-AAA0-5C92F5E38F52} = {CDF816D0-169E-45F4-B797-000E1D05B922}
		{2533E83C-F08B-458A-9A84-6C085CA47122} = {CDF816D0-169E-45F4-B797-000E1D05B922}
		{54D3001E-4566-4368-A16B-42E535496CBC} = {CDF816D0-169E-45F4-B797-000E1D05B922}
		{C9CB9846-4578-40FF-BA4A-D77A0A328FDA} = {CDF816D0-169E-45F4-B797-000E1D05B922}
		{FEBACAF6-2820-45DE-B78C-93BE2EF1F936} = {CDF816D0-169E-45F4-B797-000E1D05B922}
		{AD2D5923-DEF6-4624-BD90-9C1BC0337AFE} = {CDF816D0-169E-45F4-B797-000E1D05B922}
	EndGlobalSection
EndGlobal
